
Microsoft Visual Studio Solution File, Format Version 12.00
# Visual Studio Version 17
VisualStudioVersion = 17.13.35913.81 d17.13
MinimumVisualStudioVersion = 10.0.40219.1
Project("{FAE04EC0-301F-11D3-BF4B-00C04F79EFBC}") = "SemestrTwoBlazor", "SemestrTwoBlazor\SemestrTwoBlazor.csproj", "{5F7DB8EF-D8EC-419D-A84F-5BCA449768DE}"
EndProject
Global
	GlobalSection(SolutionConfigurationPlatforms) = preSolution
		Debug|Any CPU = Debug|Any CPU
		Release|Any CPU = Release|Any CPU
	EndGlobalSection
	GlobalSection(ProjectConfigurationPlatforms) = postSolution
		{5F7DB8EF-D8EC-419D-A84F-5BCA449768DE}.Debug|Any CPU.ActiveCfg = Debug|Any CPU
		{5F7DB8EF-D8EC-419D-A84F-5BCA449768DE}.Debug|Any CPU.Build.0 = Debug|Any CPU
		{5F7DB8EF-D8EC-419D-A84F-5BCA449768DE}.Release|Any CPU.ActiveCfg = Release|Any CPU
		{5F7DB8EF-D8EC-419D-A84F-5BCA449768DE}.Release|Any CPU.Build.0 = Release|Any CPU
	EndGlobalSection
	GlobalSection(SolutionProperties) = preSolution
		HideSolutionNode = FALSE
	EndGlobalSection
	GlobalSection(ExtensibilityGlobals) = postSolution
		SolutionGuid = {252BF19F-5538-4FD6-8F57-321022FBC575}
	EndGlobalSection
EndGlobal
